// !$*UTF8*$!
{
	archiveVersion = 1;
	classes = {
	};
	objectVersion = 46;
	objects = {

/* Begin PBXBuildFile section */
		3E3821051D4F3D9F00B169D7 /* AppDelegate.swift in Sources */ = {isa = PBXBuildFile; fileRef = 3E3821041D4F3D9F00B169D7 /* AppDelegate.swift */; };
		3E3821071D4F3D9F00B169D7 /* ViewController.swift in Sources */ = {isa = PBXBuildFile; fileRef = 3E3821061D4F3D9F00B169D7 /* ViewController.swift */; };
		3E38210A1D4F3D9F00B169D7 /* Main.storyboard in Resources */ = {isa = PBXBuildFile; fileRef = 3E3821081D4F3D9F00B169D7 /* Main.storyboard */; };
		3E38210C1D4F3D9F00B169D7 /* Images.xcassets in Resources */ = {isa = PBXBuildFile; fileRef = 3E38210B1D4F3D9F00B169D7 /* Images.xcassets */; };
		3E38210F1D4F3D9F00B169D7 /* LaunchScreen.xib in Resources */ = {isa = PBXBuildFile; fileRef = 3E38210D1D4F3D9F00B169D7 /* LaunchScreen.xib */; };
		3E38211B1D4F3D9F00B169D7 /* WordListTests.swift in Sources */ = {isa = PBXBuildFile; fileRef = 3E38211A1D4F3D9F00B169D7 /* WordListTests.swift */; };
		3E3821251D4F3ED900B169D7 /* WordList素材 in Resources */ = {isa = PBXBuildFile; fileRef = 3E3821241D4F3ED900B169D7 /* WordList素材 */; };
/* End PBXBuildFile section */

/* Begin PBXContainerItemProxy section */
		3E3821151D4F3D9F00B169D7 /* PBXContainerItemProxy */ = {
			isa = PBXContainerItemProxy;
			containerPortal = 3E3820F71D4F3D9F00B169D7 /* Project object */;
			proxyType = 1;
			remoteGlobalIDString = 3E3820FE1D4F3D9F00B169D7;
			remoteInfo = WordList;
		};
/* End PBXContainerItemProxy section */

/* Begin PBXFileReference section */
		3E3820FF1D4F3D9F00B169D7 /* WordList.app */ = {isa = PBXFileReference; explicitFileType = wrapper.application; includeInIndex = 0; path = WordList.app; sourceTree = BUILT_PRODUCTS_DIR; };
		3E3821031D4F3D9F00B169D7 /* Info.plist */ = {isa = PBXFileReference; lastKnownFileType = text.plist.xml; path = Info.plist; sourceTree = "<group>"; };
		3E3821041D4F3D9F00B169D7 /* AppDelegate.swift */ = {isa = PBXFileReference; lastKnownFileType = sourcecode.swift; path = AppDelegate.swift; sourceTree = "<group>"; };
		3E3821061D4F3D9F00B169D7 /* ViewController.swift */ = {isa = PBXFileReference; lastKnownFileType = sourcecode.swift; path = ViewController.swift; sourceTree = "<group>"; };
		3E3821091D4F3D9F00B169D7 /* Base */ = {isa = PBXFileReference; lastKnownFileType = file.storyboard; name = Base; path = Base.lproj/Main.storyboard; sourceTree = "<group>"; };
		3E38210B1D4F3D9F00B169D7 /* Images.xcassets */ = {isa = PBXFileReference; lastKnownFileType = folder.assetcatalog; path = Images.xcassets; sourceTree = "<group>"; };
		3E38210E1D4F3D9F00B169D7 /* Base */ = {isa = PBXFileReference; lastKnownFileType = file.xib; name = Base; path = Base.lproj/LaunchScreen.xib; sourceTree = "<group>"; };
		3E3821141D4F3D9F00B169D7 /* WordListTests.xctest */ = {isa = PBXFileReference; explicitFileType = wrapper.cfbundle; includeInIndex = 0; path = WordListTests.xctest; sourceTree = BUILT_PRODUCTS_DIR; };
		3E3821191D4F3D9F00B169D7 /* Info.plist */ = {isa = PBXFileReference; lastKnownFileType = text.plist.xml; path = Info.plist; sourceTree = "<group>"; };
		3E38211A1D4F3D9F00B169D7 /* WordListTests.swift */ = {isa = PBXFileReference; lastKnownFileType = sourcecode.swift; path = WordListTests.swift; sourceTree = "<group>"; };
		3E3821241D4F3ED900B169D7 /* WordList素材 */ = {isa = PBXFileReference; lastKnownFileType = folder; path = "WordList素材"; sourceTree = "<group>"; };
/* End PBXFileReference section */

/* Begin PBXFrameworksBuildPhase section */
		3E3820FC1D4F3D9F00B169D7 /* Frameworks */ = {
			isa = PBXFrameworksBuildPhase;
			buildActionMask = 2147483647;
			files = (
			);
			runOnlyForDeploymentPostprocessing = 0;
		};
		3E3821111D4F3D9F00B169D7 /* Frameworks */ = {
			isa = PBXFrameworksBuildPhase;
			buildActionMask = 2147483647;
			files = (
			);
			runOnlyForDeploymentPostprocessing = 0;
		};
/* End PBXFrameworksBuildPhase section */

/* Begin PBXGroup section */
		3E3820F61D4F3D9F00B169D7 = {
			isa = PBXGroup;
			children = (
				3E3821011D4F3D9F00B169D7 /* WordList */,
				3E3821171D4F3D9F00B169D7 /* WordListTests */,
				3E3821001D4F3D9F00B169D7 /* Products */,
			);
			sourceTree = "<group>";
		};
		3E3821001D4F3D9F00B169D7 /* Products */ = {
			isa = PBXGroup;
			children = (
				3E3820FF1D4F3D9F00B169D7 /* WordList.app */,
				3E3821141D4F3D9F00B169D7 /* WordListTests.xctest */,
			);
			name = Products;
			sourceTree = "<group>";
		};
		3E3821011D4F3D9F00B169D7 /* WordList */ = {
			isa = PBXGroup;
			children = (
				3E3821041D4F3D9F00B169D7 /* AppDelegate.swift */,
				3E3821061D4F3D9F00B169D7 /* ViewController.swift */,
				3E3821081D4F3D9F00B169D7 /* Main.storyboard */,
				3E38210B1D4F3D9F00B169D7 /* Images.xcassets */,
				3E38210D1D4F3D9F00B169D7 /* LaunchScreen.xib */,
				3E3821241D4F3ED900B169D7 /* WordList素材 */,
				3E3821021D4F3D9F00B169D7 /* Supporting Files */,
			);
			path = WordList;
			sourceTree = "<group>";
		};
		3E3821021D4F3D9F00B169D7 /* Supporting Files */ = {
			isa = PBXGroup;
			children = (
				3E3821031D4F3D9F00B169D7 /* Info.plist */,
			);
			name = "Supporting Files";
			sourceTree = "<group>";
		};
		3E3821171D4F3D9F00B169D7 /* WordListTests */ = {
			isa = PBXGroup;
			children = (
				3E38211A1D4F3D9F00B169D7 /* WordListTests.swift */,
				3E3821181D4F3D9F00B169D7 /* Supporting Files */,
			);
			path = WordListTests;
			sourceTree = "<group>";
		};
		3E3821181D4F3D9F00B169D7 /* Supporting Files */ = {
			isa = PBXGroup;
			children = (
				3E3821191D4F3D9F00B169D7 /* Info.plist */,
			);
			name = "Supporting Files";
			sourceTree = "<group>";
		};
/* End PBXGroup section */

/* Begin PBXNativeTarget section */
		3E3820FE1D4F3D9F00B169D7 /* WordList */ = {
			isa = PBXNativeTarget;
			buildConfigurationList = 3E38211E1D4F3D9F00B169D7 /* Build configuration list for PBXNativeTarget "WordList" */;
			buildPhases = (
				3E3820FB1D4F3D9F00B169D7 /* Sources */,
				3E3820FC1D4F3D9F00B169D7 /* Frameworks */,
				3E3820FD1D4F3D9F00B169D7 /* Resources */,
			);
			buildRules = (
			);
			dependencies = (
			);
			name = WordList;
			productName = WordList;
			productReference = 3E3820FF1D4F3D9F00B169D7 /* WordList.app */;
			productType = "com.apple.product-type.application";
		};
		3E3821131D4F3D9F00B169D7 /* WordListTests */ = {
			isa = PBXNativeTarget;
			buildConfigurationList = 3E3821211D4F3D9F00B169D7 /* Build configuration list for PBXNativeTarget "WordListTests" */;
			buildPhases = (
				3E3821101D4F3D9F00B169D7 /* Sources */,
				3E3821111D4F3D9F00B169D7 /* Frameworks */,
				3E3821121D4F3D9F00B169D7 /* Resources */,
			);
			buildRules = (
			);
			dependencies = (
				3E3821161D4F3D9F00B169D7 /* PBXTargetDependency */,
			);
			name = WordListTests;
			productName = WordListTests;
			productReference = 3E3821141D4F3D9F00B169D7 /* WordListTests.xctest */;
			productType = "com.apple.product-type.bundle.unit-test";
		};
/* End PBXNativeTarget section */

/* Begin PBXProject section */
		3E3820F71D4F3D9F00B169D7 /* Project object */ = {
			isa = PBXProject;
			attributes = {
				LastUpgradeCheck = 0640;
				ORGANIZATIONNAME = "関戸優紀";
				TargetAttributes = {
					3E3820FE1D4F3D9F00B169D7 = {
						CreatedOnToolsVersion = 6.4;
					};
					3E3821131D4F3D9F00B169D7 = {
						CreatedOnToolsVersion = 6.4;
						TestTargetID = 3E3820FE1D4F3D9F00B169D7;
					};
				};
			};
			buildConfigurationList = 3E3820FA1D4F3D9F00B169D7 /* Build configuration list for PBXProject "WordList" */;
			compatibilityVersion = "Xcode 3.2";
			developmentRegion = English;
			hasScannedForEncodings = 0;
			knownRegions = (
				en,
				Base,
			);
			mainGroup = 3E3820F61D4F3D9F00B169D7;
			productRefGroup = 3E3821001D4F3D9F00B169D7 /* Products */;
			projectDirPath = "";
			projectRoot = "";
			targets = (
				3E3820FE1D4F3D9F00B169D7 /* WordList */,
				3E3821131D4F3D9F00B169D7 /* WordListTests */,
			);
		};
/* End PBXProject section */

/* Begin PBXResourcesBuildPhase section */
		3E3820FD1D4F3D9F00B169D7 /* Resources */ = {
			isa = PBXResourcesBuildPhase;
			buildActionMask = 2147483647;
			files = (
				3E38210A1D4F3D9F00B169D7 /* Main.storyboard in Resources */,
				3E38210F1D4F3D9F00B169D7 /* LaunchScreen.xib in Resources */,
				3E3821251D4F3ED900B169D7 /* WordList素材 in Resources */,
				3E38210C1D4F3D9F00B169D7 /* Images.xcassets in Resources */,
			);
			runOnlyForDeploymentPostprocessing = 0;
		};
		3E3821121D4F3D9F00B169D7 /* Resources */ = {
			isa = PBXResourcesBuildPhase;
			buildActionMask = 2147483647;
			files = (
			);
			runOnlyForDeploymentPostprocessing = 0;
		};
/* End PBXResourcesBuildPhase section */

/* Begin PBXSourcesBuildPhase section */
		3E3820FB1D4F3D9F00B169D7 /* Sources */ = {
			isa = PBXSourcesBuildPhase;
			buildActionMask = 2147483647;
			files = (
				3E3821071D4F3D9F00B169D7 /* ViewController.swift in Sources */,
				3E3821051D4F3D9F00B169D7 /* AppDelegate.swift in Sources */,
			);
			runOnlyForDeploymentPostprocessing = 0;
		};
		3E3821101D4F3D9F00B169D7 /* Sources */ = {
			isa = PBXSourcesBuildPhase;
			buildActionMask = 2147483647;
			files = (
				3E38211B1D4F3D9F00B169D7 /* WordListTests.swift in Sources */,
			);
			runOnlyForDeploymentPostprocessing = 0;
		};
/* End PBXSourcesBuildPhase section */

/* Begin PBXTargetDependency section */
		3E3821161D4F3D9F00B169D7 /* PBXTargetDependency */ = {
			isa = PBXTargetDependency;
			target = 3E3820FE1D4F3D9F00B169D7 /* WordList */;
			targetProxy = 3E3821151D4F3D9F00B169D7 /* PBXContainerItemProxy */;
		};
/* End PBXTargetDependency section */

/* Begin PBXVariantGroup section */
		3E3821081D4F3D9F00B169D7 /* Main.storyboard */ = {
			isa = PBXVariantGroup;
			children = (
				3E3821091D4F3D9F00B169D7 /* Base */,
			);
			name = Main.storyboard;
			sourceTree = "<group>";
		};
		3E38210D1D4F3D9F00B169D7 /* LaunchScreen.xib */ = {
			isa = PBXVariantGroup;
			children = (
				3E38210E1D4F3D9F00B169D7 /* Base */,
			);
			name = LaunchScreen.xib;
			sourceTree = "<group>";
		};
/* End PBXVariantGroup section */

/* Begin XCBuildConfiguration section */
		3E38211C1D4F3D9F00B169D7 /* Debug */ = {
			isa = XCBuildConfiguration;
			buildSettings = {
				ALWAYS_SEARCH_USER_PATHS = NO;
				CLANG_CXX_LANGUAGE_STANDARD = "gnu++0x";
				CLANG_CXX_LIBRARY = "libc++";
				CLANG_ENABLE_MODULES = YES;
				CLANG_ENABLE_OBJC_ARC = YES;
				CLANG_WARN_BOOL_CONVERSION = YES;
				CLANG_WARN_CONSTANT_CONVERSION = YES;
				CLANG_WARN_DIRECT_OBJC_ISA_USAGE = YES_ERROR;
				CLANG_WARN_EMPTY_BODY = YES;
				CLANG_WARN_ENUM_CONVERSION = YES;
				CLANG_WARN_INT_CONVERSION = YES;
				CLANG_WARN_OBJC_ROOT_CLASS = YES_ERROR;
				CLANG_WARN_UNREACHABLE_CODE = YES;
				CLANG_WARN__DUPLICATE_METHOD_MATCH = YES;
				"CODE_SIGN_IDENTITY[sdk=iphoneos*]" = "iPhone Developer";
				COPY_PHASE_STRIP = NO;
				DEBUG_INFORMATION_FORMAT = "dwarf-with-dsym";
				ENABLE_STRICT_OBJC_MSGSEND = YES;
				GCC_C_LANGUAGE_STANDARD = gnu99;
				GCC_DYNAMIC_NO_PIC = NO;
				GCC_NO_COMMON_BLOCKS = YES;
				GCC_OPTIMIZATION_LEVEL = 0;
				GCC_PREPROCESSOR_DEFINITIONS = (
					"DEBUG=1",
					"$(inherited)",
				);
				GCC_SYMBOLS_PRIVATE_EXTERN = NO;
				GCC_WARN_64_TO_32_BIT_CONVERSION = YES;
				GCC_WARN_ABOUT_RETURN_TYPE = YES_ERROR;
				GCC_WARN_UNDECLARED_SELECTOR = YES;
				GCC_WARN_UNINITIALIZED_AUTOS = YES_AGGRESSIVE;
				GCC_WARN_UNUSED_FUNCTION = YES;
				GCC_WARN_UNUSED_VARIABLE = YES;
				IPHONEOS_DEPLOYMENT_TARGET = 8.4;
				MTL_ENABLE_DEBUG_INFO = YES;
				ONLY_ACTIVE_ARCH = YES;
				SDKROOT = iphoneos;
				SWIFT_OPTIMIZATION_LEVEL = "-Onone";
			};
			name = Debug;
		};
		3E38211D1D4F3D9F00B169D7 /* Release */ = {
			isa = XCBuildConfiguration;
			buildSettings = {
				ALWAYS_SEARCH_USER_PATHS = NO;
				CLANG_CXX_LANGUAGE_STANDARD = "gnu++0x";
				CLANG_CXX_LIBRARY = "libc++";
				CLANG_ENABLE_MODULES = YES;
				CLANG_ENABLE_OBJC_ARC = YES;
				CLANG_WARN_BOOL_CONVERSION = YES;
				CLANG_WARN_CONSTANT_CONVERSION = YES;
				CLANG_WARN_DIRECT_OBJC_ISA_USAGE = YES_ERROR;
				CLANG_WARN_EMPTY_BODY = YES;
				CLANG_WARN_ENUM_CONVERSION = YES;
				CLANG_WARN_INT_CONVERSION = YES;
				CLANG_WARN_OBJC_ROOT_CLASS = YES_ERROR;
				CLANG_WARN_UNREACHABLE_CODE = YES;
				CLANG_WARN__DUPLICATE_METHOD_MATCH = YES;
				"CODE_SIGN_IDENTITY[sdk=iphoneos*]" = "iPhone Developer";
				COPY_PHASE_STRIP = NO;
				DEBUG_INFORMATION_FORMAT = "dwarf-with-dsym";
				ENABLE_NS_ASSERTIONS = NO;
				ENABLE_STRICT_OBJC_MSGSEND = YES;
				GCC_C_LANGUAGE_STANDARD = gnu99;
				GCC_NO_COMMON_BLOCKS = YES;
				GCC_WARN_64_TO_32_BIT_CONVERSION = YES;
				GCC_WARN_ABOUT_RETURN_TYPE = YES_ERROR;
				GCC_WARN_UNDECLARED_SELECTOR = YES;
				GCC_WARN_UNINITIALIZED_AUTOS = YES_AGGRESSIVE;
				GCC_WARN_UNUSED_FUNCTION = YES;
				GCC_WARN_UNUSED_VARIABLE = YES;
				IPHONEOS_DEPLOYMENT_TARGET = 8.4;
				MTL_ENABLE_DEBUG_INFO = NO;
				SDKROOT = iphoneos;
				VALIDATE_PRODUCT = YES;
			};
			name = Release;
		};
		3E38211F1D4F3D9F00B169D7 /* Debug */ = {
			isa = XCBuildConfiguration;
			buildSettings = {
				ASSETCATALOG_COMPILER_APPICON_NAME = AppIcon;
				INFOPLIST_FILE = WordList/Info.plist;
				LD_RUNPATH_SEARCH_PATHS = "$(inherited) @executable_path/Frameworks";
				PRODUCT_NAME = "$(TARGET_NAME)";
			};
			name = Debug;
		};
		3E3821201D4F3D9F00B169D7 /* Release */ = {
			isa = XCBuildConfiguration;
			buildSettings = {
				ASSETCATALOG_COMPILER_APPICON_NAME = AppIcon;
				INFOPLIST_FILE = WordList/Info.plist;
				LD_RUNPATH_SEARCH_PATHS = "$(inherited) @executable_path/Frameworks";
				PRODUCT_NAME = "$(TARGET_NAME)";
			};
			name = Release;
		};
		3E3821221D4F3D9F00B169D7 /* Debug */ = {
			isa = XCBuildConfiguration;
			buildSettings = {
				BUNDLE_LOADER = "$(TEST_HOST)";
				FRAMEWORK_SEARCH_PATHS = (
					"$(SDKROOT)/Developer/Library/Frameworks",
					"$(inherited)",
				);
				GCC_PREPROCESSOR_DEFINITIONS = (
					"DEBUG=1",
					"$(inherited)",
				);
				INFOPLIST_FILE = WordListTests/Info.plist;
				LD_RUNPATH_SEARCH_PATHS = "$(inherited) @executable_path/Frameworks @loader_path/Frameworks";
				PRODUCT_NAME = "$(TARGET_NAME)";
				TEST_HOST = "$(BUILT_PRODUCTS_DIR)/WordList.app/WordList";
			};
			name = Debug;
		};
		3E3821231D4F3D9F00B169D7 /* Release */ = {
			isa = XCBuildConfiguration;
			buildSettings = {
				BUNDLE_LOADER = "$(TEST_HOST)";
				FRAMEWORK_SEARCH_PATHS = (
					"$(SDKROOT)/Developer/Library/Frameworks",
					"$(inherited)",
				);
				INFOPLIST_FILE = WordListTests/Info.plist;
				LD_RUNPATH_SEARCH_PATHS = "$(inherited) @executable_path/Frameworks @loader_path/Frameworks";
				PRODUCT_NAME = "$(TARGET_NAME)";
				TEST_HOST = "$(BUILT_PRODUCTS_DIR)/WordList.app/WordList";
			};
			name = Release;
		};
/* End XCBuildConfiguration section */

/* Begin XCConfigurationList section */
		3E3820FA1D4F3D9F00B169D7 /* Build configuration list for PBXProject "WordList" */ = {
			isa = XCConfigurationList;
			buildConfigurations = (
				3E38211C1D4F3D9F00B169D7 /* Debug */,
				3E38211D1D4F3D9F00B169D7 /* Release */,
			);
			defaultConfigurationIsVisible = 0;
			defaultConfigurationName = Release;
		};
		3E38211E1D4F3D9F00B169D7 /* Build configuration list for PBXNativeTarget "WordList" */ = {
			isa = XCConfigurationList;
			buildConfigurations = (
				3E38211F1D4F3D9F00B169D7 /* Debug */,
				3E3821201D4F3D9F00B169D7 /* Release */,
			);
			defaultConfigurationIsVisible = 0;
		};
		3E3821211D4F3D9F00B169D7 /* Build configuration list for PBXNativeTarget "WordListTests" */ = {
			isa = XCConfigurationList;
			buildConfigurations = (
				3E3821221D4F3D9F00B169D7 /* Debug */,
				3E3821231D4F3D9F00B169D7 /* Release */,
			);
			defaultConfigurationIsVisible = 0;
		};
/* End XCConfigurationList section */
	};
	rootObject = 3E3820F71D4F3D9F00B169D7 /* Project object */;
}
